
Microsoft Visual Studio Solution File, Format Version 12.00
# Visual Studio Version 17
VisualStudioVersion = 17.10.35004.147
MinimumVisualStudioVersion = 10.0.40219.1
Project("{FAE04EC0-301F-11D3-BF4B-00C04F79EFBC}") = "ClaseAtributo", "ClaseAtributo\ClaseAtributo.csproj", "{DADC2C72-65C3-43E0-8697-BF123FD9B388}"
EndProject
Project("{FAE04EC0-301F-11D3-BF4B-00C04F79EFBC}") = "AsyncAwait", "AsyncAwait\AsyncAwait.csproj", "{636AE444-BE92-43F0-9452-5573050F6839}"
EndProject
Project("{FAE04EC0-301F-11D3-BF4B-00C04F79EFBC}") = "SRP", "SRP\SRP.csproj", "{B6FD7402-01E2-4B20-A93A-20BEBC19CA40}"
EndProject
Project("{FAE04EC0-301F-11D3-BF4B-00C04F79EFBC}") = "OCP", "OCP\OCP.csproj", "{3317CA1E-5D37-46E4-BDA3-7B2E6BF0B21F}"
EndProject
Project("{FAE04EC0-301F-11D3-BF4B-00C04F79EFBC}") = "LSP", "LSP\LSP.csproj", "{07A98467-2575-438B-B78C-F2C1B27C06BB}"
EndProject
Project("{FAE04EC0-301F-11D3-BF4B-00C04F79EFBC}") = "ISP", "ISP\ISP.csproj", "{D8B00FCE-4CCE-4803-BCEB-9BCF4FAD72D0}"
EndProject
Project("{FAE04EC0-301F-11D3-BF4B-00C04F79EFBC}") = "DIP", "DIP\DIP.csproj", "{73E4DADF-EB23-4D5E-B6C3-02E200F7C985}"
EndProject
Global
	GlobalSection(SolutionConfigurationPlatforms) = preSolution
		Debug|Any CPU = Debug|Any CPU
		Release|Any CPU = Release|Any CPU
	EndGlobalSection
	GlobalSection(ProjectConfigurationPlatforms) = postSolution
		{DADC2C72-65C3-43E0-8697-BF123FD9B388}.Debug|Any CPU.ActiveCfg = Debug|Any CPU
		{DADC2C72-65C3-43E0-8697-BF123FD9B388}.Debug|Any CPU.Build.0 = Debug|Any CPU
		{DADC2C72-65C3-43E0-8697-BF123FD9B388}.Release|Any CPU.ActiveCfg = Release|Any CPU
		{DADC2C72-65C3-43E0-8697-BF123FD9B388}.Release|Any CPU.Build.0 = Release|Any CPU
		{636AE444-BE92-43F0-9452-5573050F6839}.Debug|Any CPU.ActiveCfg = Debug|Any CPU
		{636AE444-BE92-43F0-9452-5573050F6839}.Debug|Any CPU.Build.0 = Debug|Any CPU
		{636AE444-BE92-43F0-9452-5573050F6839}.Release|Any CPU.ActiveCfg = Release|Any CPU
		{636AE444-BE92-43F0-9452-5573050F6839}.Release|Any CPU.Build.0 = Release|Any CPU
		{B6FD7402-01E2-4B20-A93A-20BEBC19CA40}.Debug|Any CPU.ActiveCfg = Debug|Any CPU
		{B6FD7402-01E2-4B20-A93A-20BEBC19CA40}.Debug|Any CPU.Build.0 = Debug|Any CPU
		{B6FD7402-01E2-4B20-A93A-20BEBC19CA40}.Release|Any CPU.ActiveCfg = Release|Any CPU
		{B6FD7402-01E2-4B20-A93A-20BEBC19CA40}.Release|Any CPU.Build.0 = Release|Any CPU
		{3317CA1E-5D37-46E4-BDA3-7B2E6BF0B21F}.Debug|Any CPU.ActiveCfg = Debug|Any CPU
		{3317CA1E-5D37-46E4-BDA3-7B2E6BF0B21F}.Debug|Any CPU.Build.0 = Debug|Any CPU
		{3317CA1E-5D37-46E4-BDA3-7B2E6BF0B21F}.Release|Any CPU.ActiveCfg = Release|Any CPU
		{3317CA1E-5D37-46E4-BDA3-7B2E6BF0B21F}.Release|Any CPU.Build.0 = Release|Any CPU
		{07A98467-2575-438B-B78C-F2C1B27C06BB}.Debug|Any CPU.ActiveCfg = Debug|Any CPU
		{07A98467-2575-438B-B78C-F2C1B27C06BB}.Debug|Any CPU.Build.0 = Debug|Any CPU
		{07A98467-2575-438B-B78C-F2C1B27C06BB}.Release|Any CPU.ActiveCfg = Release|Any CPU
		{07A98467-2575-438B-B78C-F2C1B27C06BB}.Release|Any CPU.Build.0 = Release|Any CPU
		{D8B00FCE-4CCE-4803-BCEB-9BCF4FAD72D0}.Debug|Any CPU.ActiveCfg = Debug|Any CPU
		{D8B00FCE-4CCE-4803-BCEB-9BCF4FAD72D0}.Debug|Any CPU.Build.0 = Debug|Any CPU
		{D8B00FCE-4CCE-4803-BCEB-9BCF4FAD72D0}.Release|Any CPU.ActiveCfg = Release|Any CPU
		{D8B00FCE-4CCE-4803-BCEB-9BCF4FAD72D0}.Release|Any CPU.Build.0 = Release|Any CPU
		{73E4DADF-EB23-4D5E-B6C3-02E200F7C985}.Debug|Any CPU.ActiveCfg = Debug|Any CPU
		{73E4DADF-EB23-4D5E-B6C3-02E200F7C985}.Debug|Any CPU.Build.0 = Debug|Any CPU
		{73E4DADF-EB23-4D5E-B6C3-02E200F7C985}.Release|Any CPU.ActiveCfg = Release|Any CPU
		{73E4DADF-EB23-4D5E-B6C3-02E200F7C985}.Release|Any CPU.Build.0 = Release|Any CPU
	EndGlobalSection
	GlobalSection(SolutionProperties) = preSolution
		HideSolutionNode = FALSE
	EndGlobalSection
	GlobalSection(ExtensibilityGlobals) = postSolution
		SolutionGuid = {359AC90E-0602-4558-A9AC-90C28178C7A3}
	EndGlobalSection
EndGlobal
